
Microsoft Visual Studio Solution File, Format Version 12.00
Project("{FAE04EC0-301F-11D3-BF4B-00C04F79EFBC}") = "ivs_calc_proj", "ivs_calc_proj.csproj", "{036ECACE-C3DB-4278-AAE1-260D42512A55}"
EndProject
Global
	GlobalSection(SolutionConfigurationPlatforms) = preSolution
		Debug|Any CPU = Debug|Any CPU
		Release|Any CPU = Release|Any CPU
	EndGlobalSection
	GlobalSection(ProjectConfigurationPlatforms) = postSolution
		{036ECACE-C3DB-4278-AAE1-260D42512A55}.Debug|Any CPU.ActiveCfg = Debug|Any CPU
		{036ECACE-C3DB-4278-AAE1-260D42512A55}.Debug|Any CPU.Build.0 = Debug|Any CPU
		{036ECACE-C3DB-4278-AAE1-260D42512A55}.Release|Any CPU.ActiveCfg = Release|Any CPU
		{036ECACE-C3DB-4278-AAE1-260D42512A55}.Release|Any CPU.Build.0 = Release|Any CPU
	EndGlobalSection
EndGlobal
