
Microsoft Visual Studio Solution File, Format Version 12.00
Project("{FAE04EC0-301F-11D3-BF4B-00C04F79EFBC}") = "IVS_calc-stary_medved", "IVS_calc-stary_medved.csproj", "{978A570C-5C18-462C-979F-C880842EFA45}"
EndProject
Global
	GlobalSection(SolutionConfigurationPlatforms) = preSolution
		Debug|Any CPU = Debug|Any CPU
		Release|Any CPU = Release|Any CPU
	EndGlobalSection
	GlobalSection(ProjectConfigurationPlatforms) = postSolution
		{978A570C-5C18-462C-979F-C880842EFA45}.Debug|Any CPU.ActiveCfg = Debug|Any CPU
		{978A570C-5C18-462C-979F-C880842EFA45}.Debug|Any CPU.Build.0 = Debug|Any CPU
		{978A570C-5C18-462C-979F-C880842EFA45}.Release|Any CPU.ActiveCfg = Release|Any CPU
		{978A570C-5C18-462C-979F-C880842EFA45}.Release|Any CPU.Build.0 = Release|Any CPU
	EndGlobalSection
EndGlobal
